{
  "requires": true,
  "lockfileVersion": 1,
  "dependencies": {
    "babel-polyfill": {
      "version": "6.23.0",
      "resolved": "https://registry.npmjs.org/babel-polyfill/-/babel-polyfill-6.23.0.tgz",
      "integrity": "sha1-g2TKYt+Or7gwSZ9pkXdGbDsDSZ0=",
      "requires": {
        "babel-runtime": "6.26.0",
        "core-js": "2.5.1",
        "regenerator-runtime": "0.10.5"
      }
    },
    "babel-runtime": {
      "version": "6.26.0",
      "resolved": "https://registry.npmjs.org/babel-runtime/-/babel-runtime-6.26.0.tgz",
      "integrity": "sha1-llxwWGaOgrVde/4E/yM3vItWR/4=",
      "requires": {
        "core-js": "2.5.1",
        "regenerator-runtime": "0.11.0"
      },
      "dependencies": {
        "regenerator-runtime": {
          "version": "0.11.0",
          "resolved": "https://registry.npmjs.org/regenerator-runtime/-/regenerator-runtime-0.11.0.tgz",
          "integrity": "sha512-/aA0kLeRb5N9K0d4fw7ooEbI+xDe+DKD499EQqygGqeS8N3xto15p09uY2xj7ixP81sNPXvRLnAQIqdVStgb1A=="
        }
      }
    },
    "balanced-match": {
      "version": "1.0.0",
      "resolved": "https://registry.npmjs.org/balanced-match/-/balanced-match-1.0.0.tgz",
      "integrity": "sha1-ibTRmasr7kneFk6gK4nORi1xt2c="
    },
    "brace-expansion": {
      "version": "1.1.8",
      "resolved": "https://registry.npmjs.org/brace-expansion/-/brace-expansion-1.1.8.tgz",
      "integrity": "sha1-wHshHHyVLsH479Uad+8NHTmQopI=",
      "requires": {
        "balanced-match": "1.0.0",
        "concat-map": "0.0.1"
      }
    },
    "concat-map": {
      "version": "0.0.1",
      "resolved": "https://registry.npmjs.org/concat-map/-/concat-map-0.0.1.tgz",
      "integrity": "sha1-2Klr13/Wjfd5OnMDajug1UBdR3s="
    },
    "core-js": {
      "version": "2.5.1",
      "resolved": "https://registry.npmjs.org/core-js/-/core-js-2.5.1.tgz",
      "integrity": "sha1-rmh03GaTd4m4B1T/VCjfZoGcpQs="
    },
    "csscomb": {
      "version": "4.2.0",
      "resolved": "https://registry.npmjs.org/csscomb/-/csscomb-4.2.0.tgz",
      "integrity": "sha512-HXXCSVTpHck64PUMIn/2I8auBGmIpx+cD/Hs+KnYH+p9iaMTN0cd38l22qYVp8vEp6v9w+Bbi0SD8iN8fgrINg==",
      "requires": {
        "babel-polyfill": "6.23.0",
        "glob": "7.1.2",
        "gonzales-pe": "3.4.7",
        "minimatch": "3.0.2",
        "minimist": "1.1.3",
        "vow": "0.4.4",
        "vow-fs": "0.3.6"
      }
    },
    "fs.realpath": {
      "version": "1.0.0",
      "resolved": "https://registry.npmjs.org/fs.realpath/-/fs.realpath-1.0.0.tgz",
      "integrity": "sha1-FQStJSMVjKpA20onh8sBQRmU6k8="
    },
    "glob": {
      "version": "7.1.2",
      "resolved": "https://registry.npmjs.org/glob/-/glob-7.1.2.tgz",
      "integrity": "sha512-MJTUg1kjuLeQCJ+ccE4Vpa6kKVXkPYJ2mOCQyUuKLcLQsdrMCpBPUi8qVE6+YuaJkozeA9NusTAw3hLr8Xe5EQ==",
      "requires": {
        "fs.realpath": "1.0.0",
        "inflight": "1.0.6",
        "inherits": "2.0.3",
        "minimatch": "3.0.4",
        "once": "1.4.0",
        "path-is-absolute": "1.0.1"
      },
      "dependencies": {
        "minimatch": {
          "version": "3.0.4",
          "resolved": "https://registry.npmjs.org/minimatch/-/minimatch-3.0.4.tgz",
          "integrity": "sha512-yJHVQEhyqPLUTgt9B83PXu6W3rx4MvvHvSUvToogpwoGDOUQ+yDrR0HRot+yOCdCO7u4hX3pWft6kWBBcqh0UA==",
          "requires": {
            "brace-expansion": "1.1.8"
          }
        }
      }
    },
    "gonzales-pe": {
      "version": "3.4.7",
      "resolved": "https://registry.npmjs.org/gonzales-pe/-/gonzales-pe-3.4.7.tgz",
      "integrity": "sha1-F8e+Z61sr/Ynej44esc26YPSgOw=",
      "requires": {
        "minimist": "1.1.3"
      }
    },
    "inflight": {
      "version": "1.0.6",
      "resolved": "https://registry.npmjs.org/inflight/-/inflight-1.0.6.tgz",
      "integrity": "sha1-Sb1jMdfQLQwJvJEKEHW6gWW1bfk=",
      "requires": {
        "once": "1.4.0",
        "wrappy": "1.0.2"
      }
    },
    "inherits": {
      "version": "2.0.3",
      "resolved": "https://registry.npmjs.org/inherits/-/inherits-2.0.3.tgz",
      "integrity": "sha1-Yzwsg+PaQqUC9SRmAiSA9CCCYd4="
    },
    "minimatch": {
      "version": "3.0.2",
      "resolved": "https://registry.npmjs.org/minimatch/-/minimatch-3.0.2.tgz",
      "integrity": "sha1-DzmKcwDqRB6cNIyD2Yq4ydv5xAo=",
      "requires": {
        "brace-expansion": "1.1.8"
      }
    },
    "minimist": {
      "version": "1.1.3",
      "resolved": "https://registry.npmjs.org/minimist/-/minimist-1.1.3.tgz",
      "integrity": "sha1-O+39kaktOQFvz6ocaB6Pqhoe/ag="
    },
    "once": {
      "version": "1.4.0",
      "resolved": "https://registry.npmjs.org/once/-/once-1.4.0.tgz",
      "integrity": "sha1-WDsap3WWHUsROsF9nFC6753Xa9E=",
      "requires": {
        "wrappy": "1.0.2"
      }
    },
    "path-is-absolute": {
      "version": "1.0.1",
      "resolved": "https://registry.npmjs.org/path-is-absolute/-/path-is-absolute-1.0.1.tgz",
      "integrity": "sha1-F0uSaHNVNP+8es5r9TpanhtcX18="
    },
    "regenerator-runtime": {
      "version": "0.10.5",
      "resolved": "https://registry.npmjs.org/regenerator-runtime/-/regenerator-runtime-0.10.5.tgz",
      "integrity": "sha1-M2w+/BIgrc7dosn6tntaeVWjNlg="
    },
    "uuid": {
      "version": "2.0.3",
      "resolved": "https://registry.npmjs.org/uuid/-/uuid-2.0.3.tgz",
      "integrity": "sha1-Z+LoY3lyFVMN/zGOW/nc6/1Hsho="
    },
    "vow": {
      "version": "0.4.4",
      "resolved": "https://registry.npmjs.org/vow/-/vow-0.4.4.tgz",
      "integrity": "sha1-yf5GCRKdf1qmIVCOvmS1HJW8e5g="
    },
    "vow-fs": {
      "version": "0.3.6",
      "resolved": "https://registry.npmjs.org/vow-fs/-/vow-fs-0.3.6.tgz",
      "integrity": "sha1-LUxZviLivyYY3fWXq0uqkjvnIA0=",
      "requires": {
        "glob": "7.1.2",
        "uuid": "2.0.3",
        "vow": "0.4.17",
        "vow-queue": "0.4.3"
      },
      "dependencies": {
        "vow": {
          "version": "0.4.17",
          "resolved": "https://registry.npmjs.org/vow/-/vow-0.4.17.tgz",
          "integrity": "sha512-A3/9bWFqf6gT0jLR4/+bT+IPTe1mQf+tdsW6+WI5geP9smAp8Kbbu4R6QQCDKZN/8TSCqTlXVQm12QliB4rHfg=="
        }
      }
    },
    "vow-queue": {
      "version": "0.4.3",
      "resolved": "https://registry.npmjs.org/vow-queue/-/vow-queue-0.4.3.tgz",
      "integrity": "sha512-/poAKDTFL3zYbeQg7cl4BGcfP4sGgXKrHnRFSKj97dteUFu8oyXMwIcdwu8NSx/RmPGIuYx1Bik/y5vU4H/VKw==",
      "requires": {
        "vow": "0.4.17"
      },
      "dependencies": {
        "vow": {
          "version": "0.4.17",
          "resolved": "https://registry.npmjs.org/vow/-/vow-0.4.17.tgz",
          "integrity": "sha512-A3/9bWFqf6gT0jLR4/+bT+IPTe1mQf+tdsW6+WI5geP9smAp8Kbbu4R6QQCDKZN/8TSCqTlXVQm12QliB4rHfg=="
        }
      }
    },
    "wrappy": {
      "version": "1.0.2",
      "resolved": "https://registry.npmjs.org/wrappy/-/wrappy-1.0.2.tgz",
      "integrity": "sha1-tSQ9jz7BqjXxNkYFvA0QNuMKtp8="
    }
  }
}
